
Microsoft Visual Studio Solution File, Format Version 12.00
# Visual Studio 15
VisualStudioVersion = 15.0.26228.9
MinimumVisualStudioVersion = 10.0.40219.1
Project("{9A19103F-16F7-4668-BE54-9A1E7A4F7556}") = "ProtocolGateway.Core", "src\ProtocolGateway.Core\ProtocolGateway.Core.csproj", "{A41D4C90-05A9-447E-AFF7-DD21560D64EC}"
EndProject
Project("{9A19103F-16F7-4668-BE54-9A1E7A4F7556}") = "ProtocolGateway.IotHubClient", "src\ProtocolGateway.IotHubClient\ProtocolGateway.IotHubClient.csproj", "{A4652600-FAA7-4B82-AEA5-172E6C1FD3CC}"
EndProject
Project("{9A19103F-16F7-4668-BE54-9A1E7A4F7556}") = "ProtocolGateway.Host.Common", "host\ProtocolGateway.Host.Common\ProtocolGateway.Host.Common.csproj", "{692B767F-7805-4662-83DF-CA6771C1612E}"
EndProject
Project("{9A19103F-16F7-4668-BE54-9A1E7A4F7556}") = "ProtocolGateway.Host.Console", "host\ProtocolGateway.Host.Console\ProtocolGateway.Host.Console.csproj", "{16704F95-3FBC-442A-981F-93794B61ED8F}"
EndProject
Project("{9A19103F-16F7-4668-BE54-9A1E7A4F7556}") = "ProtocolGateway.Client", "test\ProtocolGateway.Client\ProtocolGateway.Client.csproj", "{C4303641-E19E-4DE3-BF29-9AA002090E30}"
EndProject
Project("{9A19103F-16F7-4668-BE54-9A1E7A4F7556}") = "ProtocolGateway.Providers.CloudStorage", "src\ProtocolGateway.Providers.CloudStorage\ProtocolGateway.Providers.CloudStorage.csproj", "{CA34A598-EEA8-410B-8AA6-30D3D1BB1FE3}"
EndProject
Project("{2150E333-8FDC-42A3-9474-1A3956D46DE8}") = "src", "src", "{7845E2E4-0B22-45E2-9B53-23C8A065B083}"
EndProject
Project("{2150E333-8FDC-42A3-9474-1A3956D46DE8}") = "host", "host", "{856E42C6-09E6-4CDB-9F64-25AF76150A28}"
	ProjectSection(SolutionItems) = preProject
		host\deploy.ps1 = host\deploy.ps1
	EndProjectSection
EndProject
Project("{2150E333-8FDC-42A3-9474-1A3956D46DE8}") = "fabricshared", "fabricshared", "{27B9A97F-0657-43C7-A674-C85514492905}"
EndProject
Project("{9A19103F-16F7-4668-BE54-9A1E7A4F7556}") = "ProtocolGateway.Host.Fabric.FabricShared.Logging", "host\fabricshared\ProtocolGateway.Host.Fabric.FabricShared.Logging\ProtocolGateway.Host.Fabric.FabricShared.Logging.csproj", "{A2537696-FD02-40CD-B179-2DF85CC52A89}"
EndProject
Project("{9A19103F-16F7-4668-BE54-9A1E7A4F7556}") = "ProtocolGateway.Host.Fabric.FabricShared.Configuration", "host\fabricshared\ProtocolGateway.Host.Fabric.FabricShared.Configuration\ProtocolGateway.Host.Fabric.FabricShared.Configuration.csproj", "{CEDD1F60-E803-476A-9F73-3814CDCE3C4B}"
EndProject
Project("{9A19103F-16F7-4668-BE54-9A1E7A4F7556}") = "ProtocolGateway.Host.Fabric.FabricShared.Security", "host\fabricshared\ProtocolGateway.Host.Fabric.FabricShared.Security\ProtocolGateway.Host.Fabric.FabricShared.Security.csproj", "{1CB06C3E-3D1C-4FD4-95E9-037B4361303A}"
EndProject
Project("{9A19103F-16F7-4668-BE54-9A1E7A4F7556}") = "ProtocolGateway.Host.Fabric.FabricShared.Health", "host\fabricshared\ProtocolGateway.Host.Fabric.FabricShared.Health\ProtocolGateway.Host.Fabric.FabricShared.Health.csproj", "{443E59D8-9395-41F1-AA8F-4895A734C2AA}"
EndProject
Project("{2150E333-8FDC-42A3-9474-1A3956D46DE8}") = "fabricsetup", "fabricsetup", "{5FCE6F2E-74C2-4C23-9316-C9681DBD3DC5}"
EndProject
Project("{9A19103F-16F7-4668-BE54-9A1E7A4F7556}") = "ProtocolGateway.Host.FabricSetup.CounterSetup", "host\fabricsetup\ProtocolGateway.Host.FabricSetup.CounterSetup\ProtocolGateway.Host.FabricSetup.CounterSetup.csproj", "{07885AE0-1DF1-4BA5-8197-F3514A06BDD3}"
EndProject
Project("{2150E333-8FDC-42A3-9474-1A3956D46DE8}") = "shared", "shared", "{6CD2F0A9-9439-4452-97D9-FF2AAC8F9B42}"
	ProjectSection(SolutionItems) = preProject
		host\shared\protocol-gateway.contoso.com.pfx = host\shared\protocol-gateway.contoso.com.pfx
	EndProjectSection
EndProject
Project("{A07B5EB6-E848-4116-A8D0-A826331D98C6}") = "ProtocolGateway.Host.Fabric", "host\ProtocolGateway.Host.Fabric\ProtocolGateway.Host.Fabric.sfproj", "{A90B33E9-A3EE-402C-B692-63450B876E59}"
EndProject
Project("{2150E333-8FDC-42A3-9474-1A3956D46DE8}") = "test", "test", "{1013004F-4062-453A-8F64-390F0CAA2661}"
EndProject
Project("{9A19103F-16F7-4668-BE54-9A1E7A4F7556}") = "ProtocolGateway.Tests", "test\ProtocolGateway.Tests\ProtocolGateway.Tests.csproj", "{6A13DA33-5BCC-4479-9EBA-C96F62AAD974}"
EndProject
Project("{9A19103F-16F7-4668-BE54-9A1E7A4F7556}") = "ProtocolGateway.Tests.Load", "test\ProtocolGateway.Tests.Load\ProtocolGateway.Tests.Load.csproj", "{BE074EB4-C7AB-42D4-8841-29117CC44983}"
EndProject
Project("{FAE04EC0-301F-11D3-BF4B-00C04F79EFBC}") = "ProtocolGateway.Host.Fabric.FrontEnd", "host\ProtocolGateway.Host.Fabric.FrontEnd\ProtocolGateway.Host.Fabric.FrontEnd.csproj", "{A4701342-633A-4EEE-BA50-7384156BEBBD}"
EndProject
Project("{2150E333-8FDC-42A3-9474-1A3956D46DE8}") = "k8s", "k8s", "{0853861A-EDA7-4D0A-A6CF-7C4EA661F695}"
	ProjectSection(SolutionItems) = preProject
		host\k8s\.dockerignore = host\k8s\.dockerignore
		host\k8s\build.ps1 = host\k8s\build.ps1
		host\k8s\create-secrets.ps1 = host\k8s\create-secrets.ps1
		host\k8s\Dockerfile = host\k8s\Dockerfile
		host\k8s\eventFlowConfig.json = host\k8s\eventFlowConfig.json
		host\k8s\README.md = host\k8s\README.md
		host\k8s\spec.yaml = host\k8s\spec.yaml
	EndProjectSection
EndProject
Global
	GlobalSection(SolutionConfigurationPlatforms) = preSolution
		Debug|Any CPU = Debug|Any CPU
		Debug|x64 = Debug|x64
		Release|Any CPU = Release|Any CPU
		Release|x64 = Release|x64
	EndGlobalSection
	GlobalSection(ProjectConfigurationPlatforms) = postSolution
		{A41D4C90-05A9-447E-AFF7-DD21560D64EC}.Debug|Any CPU.ActiveCfg = Debug|Any CPU
		{A41D4C90-05A9-447E-AFF7-DD21560D64EC}.Debug|Any CPU.Build.0 = Debug|Any CPU
		{A41D4C90-05A9-447E-AFF7-DD21560D64EC}.Debug|x64.ActiveCfg = Debug|Any CPU
		{A41D4C90-05A9-447E-AFF7-DD21560D64EC}.Debug|x64.Build.0 = Debug|Any CPU
		{A41D4C90-05A9-447E-AFF7-DD21560D64EC}.Release|Any CPU.ActiveCfg = Release|Any CPU
		{A41D4C90-05A9-447E-AFF7-DD21560D64EC}.Release|Any CPU.Build.0 = Release|Any CPU
		{A41D4C90-05A9-447E-AFF7-DD21560D64EC}.Release|x64.ActiveCfg = Release|Any CPU
		{A41D4C90-05A9-447E-AFF7-DD21560D64EC}.Release|x64.Build.0 = Release|Any CPU
		{A4652600-FAA7-4B82-AEA5-172E6C1FD3CC}.Debug|Any CPU.ActiveCfg = Debug|Any CPU
		{A4652600-FAA7-4B82-AEA5-172E6C1FD3CC}.Debug|Any CPU.Build.0 = Debug|Any CPU
		{A4652600-FAA7-4B82-AEA5-172E6C1FD3CC}.Debug|x64.ActiveCfg = Debug|Any CPU
		{A4652600-FAA7-4B82-AEA5-172E6C1FD3CC}.Debug|x64.Build.0 = Debug|Any CPU
		{A4652600-FAA7-4B82-AEA5-172E6C1FD3CC}.Release|Any CPU.ActiveCfg = Release|Any CPU
		{A4652600-FAA7-4B82-AEA5-172E6C1FD3CC}.Release|Any CPU.Build.0 = Release|Any CPU
		{A4652600-FAA7-4B82-AEA5-172E6C1FD3CC}.Release|x64.ActiveCfg = Release|Any CPU
		{A4652600-FAA7-4B82-AEA5-172E6C1FD3CC}.Release|x64.Build.0 = Release|Any CPU
		{692B767F-7805-4662-83DF-CA6771C1612E}.Debug|Any CPU.ActiveCfg = Debug|Any CPU
		{692B767F-7805-4662-83DF-CA6771C1612E}.Debug|Any CPU.Build.0 = Debug|Any CPU
		{692B767F-7805-4662-83DF-CA6771C1612E}.Debug|x64.ActiveCfg = Debug|Any CPU
		{692B767F-7805-4662-83DF-CA6771C1612E}.Debug|x64.Build.0 = Debug|Any CPU
		{692B767F-7805-4662-83DF-CA6771C1612E}.Release|Any CPU.ActiveCfg = Release|Any CPU
		{692B767F-7805-4662-83DF-CA6771C1612E}.Release|Any CPU.Build.0 = Release|Any CPU
		{692B767F-7805-4662-83DF-CA6771C1612E}.Release|x64.ActiveCfg = Release|Any CPU
		{692B767F-7805-4662-83DF-CA6771C1612E}.Release|x64.Build.0 = Release|Any CPU
		{16704F95-3FBC-442A-981F-93794B61ED8F}.Debug|Any CPU.ActiveCfg = Debug|Any CPU
		{16704F95-3FBC-442A-981F-93794B61ED8F}.Debug|Any CPU.Build.0 = Debug|Any CPU
		{16704F95-3FBC-442A-981F-93794B61ED8F}.Debug|x64.ActiveCfg = Debug|Any CPU
		{16704F95-3FBC-442A-981F-93794B61ED8F}.Debug|x64.Build.0 = Debug|Any CPU
		{16704F95-3FBC-442A-981F-93794B61ED8F}.Release|Any CPU.ActiveCfg = Release|Any CPU
		{16704F95-3FBC-442A-981F-93794B61ED8F}.Release|Any CPU.Build.0 = Release|Any CPU
		{16704F95-3FBC-442A-981F-93794B61ED8F}.Release|x64.ActiveCfg = Release|Any CPU
		{16704F95-3FBC-442A-981F-93794B61ED8F}.Release|x64.Build.0 = Release|Any CPU
		{C4303641-E19E-4DE3-BF29-9AA002090E30}.Debug|Any CPU.ActiveCfg = Debug|Any CPU
		{C4303641-E19E-4DE3-BF29-9AA002090E30}.Debug|Any CPU.Build.0 = Debug|Any CPU
		{C4303641-E19E-4DE3-BF29-9AA002090E30}.Debug|x64.ActiveCfg = Debug|Any CPU
		{C4303641-E19E-4DE3-BF29-9AA002090E30}.Debug|x64.Build.0 = Debug|Any CPU
		{C4303641-E19E-4DE3-BF29-9AA002090E30}.Release|Any CPU.ActiveCfg = Release|Any CPU
		{C4303641-E19E-4DE3-BF29-9AA002090E30}.Release|Any CPU.Build.0 = Release|Any CPU
		{C4303641-E19E-4DE3-BF29-9AA002090E30}.Release|x64.ActiveCfg = Release|Any CPU
		{C4303641-E19E-4DE3-BF29-9AA002090E30}.Release|x64.Build.0 = Release|Any CPU
		{CA34A598-EEA8-410B-8AA6-30D3D1BB1FE3}.Debug|Any CPU.ActiveCfg = Debug|Any CPU
		{CA34A598-EEA8-410B-8AA6-30D3D1BB1FE3}.Debug|Any CPU.Build.0 = Debug|Any CPU
		{CA34A598-EEA8-410B-8AA6-30D3D1BB1FE3}.Debug|x64.ActiveCfg = Debug|Any CPU
		{CA34A598-EEA8-410B-8AA6-30D3D1BB1FE3}.Debug|x64.Build.0 = Debug|Any CPU
		{CA34A598-EEA8-410B-8AA6-30D3D1BB1FE3}.Release|Any CPU.ActiveCfg = Release|Any CPU
		{CA34A598-EEA8-410B-8AA6-30D3D1BB1FE3}.Release|Any CPU.Build.0 = Release|Any CPU
		{CA34A598-EEA8-410B-8AA6-30D3D1BB1FE3}.Release|x64.ActiveCfg = Release|Any CPU
		{CA34A598-EEA8-410B-8AA6-30D3D1BB1FE3}.Release|x64.Build.0 = Release|Any CPU
		{A2537696-FD02-40CD-B179-2DF85CC52A89}.Debug|Any CPU.ActiveCfg = Debug|Any CPU
		{A2537696-FD02-40CD-B179-2DF85CC52A89}.Debug|Any CPU.Build.0 = Debug|Any CPU
		{A2537696-FD02-40CD-B179-2DF85CC52A89}.Debug|x64.ActiveCfg = Debug|Any CPU
		{A2537696-FD02-40CD-B179-2DF85CC52A89}.Debug|x64.Build.0 = Debug|Any CPU
		{A2537696-FD02-40CD-B179-2DF85CC52A89}.Release|Any CPU.ActiveCfg = Release|Any CPU
		{A2537696-FD02-40CD-B179-2DF85CC52A89}.Release|Any CPU.Build.0 = Release|Any CPU
		{A2537696-FD02-40CD-B179-2DF85CC52A89}.Release|x64.ActiveCfg = Release|Any CPU
		{A2537696-FD02-40CD-B179-2DF85CC52A89}.Release|x64.Build.0 = Release|Any CPU
		{CEDD1F60-E803-476A-9F73-3814CDCE3C4B}.Debug|Any CPU.ActiveCfg = Debug|Any CPU
		{CEDD1F60-E803-476A-9F73-3814CDCE3C4B}.Debug|Any CPU.Build.0 = Debug|Any CPU
		{CEDD1F60-E803-476A-9F73-3814CDCE3C4B}.Debug|x64.ActiveCfg = Debug|Any CPU
		{CEDD1F60-E803-476A-9F73-3814CDCE3C4B}.Debug|x64.Build.0 = Debug|Any CPU
		{CEDD1F60-E803-476A-9F73-3814CDCE3C4B}.Release|Any CPU.ActiveCfg = Release|Any CPU
		{CEDD1F60-E803-476A-9F73-3814CDCE3C4B}.Release|Any CPU.Build.0 = Release|Any CPU
		{CEDD1F60-E803-476A-9F73-3814CDCE3C4B}.Release|x64.ActiveCfg = Release|Any CPU
		{CEDD1F60-E803-476A-9F73-3814CDCE3C4B}.Release|x64.Build.0 = Release|Any CPU
		{1CB06C3E-3D1C-4FD4-95E9-037B4361303A}.Debug|Any CPU.ActiveCfg = Debug|Any CPU
		{1CB06C3E-3D1C-4FD4-95E9-037B4361303A}.Debug|Any CPU.Build.0 = Debug|Any CPU
		{1CB06C3E-3D1C-4FD4-95E9-037B4361303A}.Debug|x64.ActiveCfg = Debug|Any CPU
		{1CB06C3E-3D1C-4FD4-95E9-037B4361303A}.Debug|x64.Build.0 = Debug|Any CPU
		{1CB06C3E-3D1C-4FD4-95E9-037B4361303A}.Release|Any CPU.ActiveCfg = Release|Any CPU
		{1CB06C3E-3D1C-4FD4-95E9-037B4361303A}.Release|Any CPU.Build.0 = Release|Any CPU
		{1CB06C3E-3D1C-4FD4-95E9-037B4361303A}.Release|x64.ActiveCfg = Release|Any CPU
		{1CB06C3E-3D1C-4FD4-95E9-037B4361303A}.Release|x64.Build.0 = Release|Any CPU
		{443E59D8-9395-41F1-AA8F-4895A734C2AA}.Debug|Any CPU.ActiveCfg = Debug|Any CPU
		{443E59D8-9395-41F1-AA8F-4895A734C2AA}.Debug|Any CPU.Build.0 = Debug|Any CPU
		{443E59D8-9395-41F1-AA8F-4895A734C2AA}.Debug|x64.ActiveCfg = Debug|Any CPU
		{443E59D8-9395-41F1-AA8F-4895A734C2AA}.Debug|x64.Build.0 = Debug|Any CPU
		{443E59D8-9395-41F1-AA8F-4895A734C2AA}.Release|Any CPU.ActiveCfg = Release|Any CPU
		{443E59D8-9395-41F1-AA8F-4895A734C2AA}.Release|Any CPU.Build.0 = Release|Any CPU
		{443E59D8-9395-41F1-AA8F-4895A734C2AA}.Release|x64.ActiveCfg = Release|Any CPU
		{443E59D8-9395-41F1-AA8F-4895A734C2AA}.Release|x64.Build.0 = Release|Any CPU
		{07885AE0-1DF1-4BA5-8197-F3514A06BDD3}.Debug|Any CPU.ActiveCfg = Debug|Any CPU
		{07885AE0-1DF1-4BA5-8197-F3514A06BDD3}.Debug|Any CPU.Build.0 = Debug|Any CPU
		{07885AE0-1DF1-4BA5-8197-F3514A06BDD3}.Debug|x64.ActiveCfg = Debug|Any CPU
		{07885AE0-1DF1-4BA5-8197-F3514A06BDD3}.Debug|x64.Build.0 = Debug|Any CPU
		{07885AE0-1DF1-4BA5-8197-F3514A06BDD3}.Release|Any CPU.ActiveCfg = Release|Any CPU
		{07885AE0-1DF1-4BA5-8197-F3514A06BDD3}.Release|Any CPU.Build.0 = Release|Any CPU
		{07885AE0-1DF1-4BA5-8197-F3514A06BDD3}.Release|x64.ActiveCfg = Release|Any CPU
		{07885AE0-1DF1-4BA5-8197-F3514A06BDD3}.Release|x64.Build.0 = Release|Any CPU
		{A90B33E9-A3EE-402C-B692-63450B876E59}.Debug|Any CPU.ActiveCfg = Debug|x64
		{A90B33E9-A3EE-402C-B692-63450B876E59}.Debug|x64.ActiveCfg = Debug|x64
		{A90B33E9-A3EE-402C-B692-63450B876E59}.Debug|x64.Build.0 = Debug|x64
		{A90B33E9-A3EE-402C-B692-63450B876E59}.Debug|x64.Deploy.0 = Debug|x64
		{A90B33E9-A3EE-402C-B692-63450B876E59}.Release|Any CPU.ActiveCfg = Release|x64
		{A90B33E9-A3EE-402C-B692-63450B876E59}.Release|x64.ActiveCfg = Release|x64
		{A90B33E9-A3EE-402C-B692-63450B876E59}.Release|x64.Build.0 = Release|x64
		{A90B33E9-A3EE-402C-B692-63450B876E59}.Release|x64.Deploy.0 = Release|x64
		{6A13DA33-5BCC-4479-9EBA-C96F62AAD974}.Debug|Any CPU.ActiveCfg = Debug|Any CPU
		{6A13DA33-5BCC-4479-9EBA-C96F62AAD974}.Debug|Any CPU.Build.0 = Debug|Any CPU
		{6A13DA33-5BCC-4479-9EBA-C96F62AAD974}.Debug|x64.ActiveCfg = Debug|Any CPU
		{6A13DA33-5BCC-4479-9EBA-C96F62AAD974}.Debug|x64.Build.0 = Debug|Any CPU
		{6A13DA33-5BCC-4479-9EBA-C96F62AAD974}.Release|Any CPU.ActiveCfg = Release|Any CPU
		{6A13DA33-5BCC-4479-9EBA-C96F62AAD974}.Release|Any CPU.Build.0 = Release|Any CPU
		{6A13DA33-5BCC-4479-9EBA-C96F62AAD974}.Release|x64.ActiveCfg = Release|Any CPU
		{6A13DA33-5BCC-4479-9EBA-C96F62AAD974}.Release|x64.Build.0 = Release|Any CPU
		{BE074EB4-C7AB-42D4-8841-29117CC44983}.Debug|Any CPU.ActiveCfg = Debug|Any CPU
		{BE074EB4-C7AB-42D4-8841-29117CC44983}.Debug|Any CPU.Build.0 = Debug|Any CPU
		{BE074EB4-C7AB-42D4-8841-29117CC44983}.Debug|x64.ActiveCfg = Debug|Any CPU
		{BE074EB4-C7AB-42D4-8841-29117CC44983}.Debug|x64.Build.0 = Debug|Any CPU
		{BE074EB4-C7AB-42D4-8841-29117CC44983}.Release|Any CPU.ActiveCfg = Release|Any CPU
		{BE074EB4-C7AB-42D4-8841-29117CC44983}.Release|Any CPU.Build.0 = Release|Any CPU
		{BE074EB4-C7AB-42D4-8841-29117CC44983}.Release|x64.ActiveCfg = Release|Any CPU
		{BE074EB4-C7AB-42D4-8841-29117CC44983}.Release|x64.Build.0 = Release|Any CPU
		{A4701342-633A-4EEE-BA50-7384156BEBBD}.Debug|Any CPU.ActiveCfg = Debug|x64
		{A4701342-633A-4EEE-BA50-7384156BEBBD}.Debug|x64.ActiveCfg = Debug|x64
		{A4701342-633A-4EEE-BA50-7384156BEBBD}.Debug|x64.Build.0 = Debug|x64
		{A4701342-633A-4EEE-BA50-7384156BEBBD}.Release|Any CPU.ActiveCfg = Release|x64
		{A4701342-633A-4EEE-BA50-7384156BEBBD}.Release|x64.ActiveCfg = Release|x64
		{A4701342-633A-4EEE-BA50-7384156BEBBD}.Release|x64.Build.0 = Release|x64
	EndGlobalSection
	GlobalSection(SolutionProperties) = preSolution
		HideSolutionNode = FALSE
	EndGlobalSection
	GlobalSection(NestedProjects) = preSolution
		{A41D4C90-05A9-447E-AFF7-DD21560D64EC} = {7845E2E4-0B22-45E2-9B53-23C8A065B083}
		{A4652600-FAA7-4B82-AEA5-172E6C1FD3CC} = {7845E2E4-0B22-45E2-9B53-23C8A065B083}
		{692B767F-7805-4662-83DF-CA6771C1612E} = {856E42C6-09E6-4CDB-9F64-25AF76150A28}
		{16704F95-3FBC-442A-981F-93794B61ED8F} = {856E42C6-09E6-4CDB-9F64-25AF76150A28}
		{C4303641-E19E-4DE3-BF29-9AA002090E30} = {1013004F-4062-453A-8F64-390F0CAA2661}
		{CA34A598-EEA8-410B-8AA6-30D3D1BB1FE3} = {7845E2E4-0B22-45E2-9B53-23C8A065B083}
		{27B9A97F-0657-43C7-A674-C85514492905} = {856E42C6-09E6-4CDB-9F64-25AF76150A28}
		{A2537696-FD02-40CD-B179-2DF85CC52A89} = {27B9A97F-0657-43C7-A674-C85514492905}
		{CEDD1F60-E803-476A-9F73-3814CDCE3C4B} = {27B9A97F-0657-43C7-A674-C85514492905}
		{1CB06C3E-3D1C-4FD4-95E9-037B4361303A} = {27B9A97F-0657-43C7-A674-C85514492905}
		{443E59D8-9395-41F1-AA8F-4895A734C2AA} = {27B9A97F-0657-43C7-A674-C85514492905}
		{5FCE6F2E-74C2-4C23-9316-C9681DBD3DC5} = {856E42C6-09E6-4CDB-9F64-25AF76150A28}
		{07885AE0-1DF1-4BA5-8197-F3514A06BDD3} = {5FCE6F2E-74C2-4C23-9316-C9681DBD3DC5}
		{6CD2F0A9-9439-4452-97D9-FF2AAC8F9B42} = {856E42C6-09E6-4CDB-9F64-25AF76150A28}
		{A90B33E9-A3EE-402C-B692-63450B876E59} = {856E42C6-09E6-4CDB-9F64-25AF76150A28}
		{6A13DA33-5BCC-4479-9EBA-C96F62AAD974} = {1013004F-4062-453A-8F64-390F0CAA2661}
		{BE074EB4-C7AB-42D4-8841-29117CC44983} = {1013004F-4062-453A-8F64-390F0CAA2661}
		{A4701342-633A-4EEE-BA50-7384156BEBBD} = {856E42C6-09E6-4CDB-9F64-25AF76150A28}
		{0853861A-EDA7-4D0A-A6CF-7C4EA661F695} = {856E42C6-09E6-4CDB-9F64-25AF76150A28}
	EndGlobalSection
	GlobalSection(ExtensibilityGlobals) = postSolution
		SolutionGuid = {01C3BAD6-4187-4117-82C8-FD5F3871DCC3}
	EndGlobalSection
EndGlobal
