
Microsoft Visual Studio Solution File, Format Version 12.00
# Visual Studio 14
VisualStudioVersion = 14.0.25420.1
MinimumVisualStudioVersion = 10.0.40219.1
Project("{2150E333-8FDC-42A3-9474-1A3956D46DE8}") = "src", "src", "{40E01D4A-EFB5-4BE5-A267-0C0DD70F0C75}"
EndProject
Project("{2150E333-8FDC-42A3-9474-1A3956D46DE8}") = "test", "test", "{704AB71A-852A-4B00-8016-9B415DFD9375}"
EndProject
Project("{2150E333-8FDC-42A3-9474-1A3956D46DE8}") = "host", "host", "{9F27B381-3559-42D0-9EDE-0637E02ADFC8}"
	ProjectSection(SolutionItems) = preProject
		host\deploy.ps1 = host\deploy.ps1
	EndProjectSection
EndProject
Project("{2150E333-8FDC-42A3-9474-1A3956D46DE8}") = "shared", "shared", "{0CED177C-7897-45DF-8328-5F14ED8A0E5C}"
	ProjectSection(SolutionItems) = preProject
		host\shared\protocol-gateway.contoso.com.pfx = host\shared\protocol-gateway.contoso.com.pfx
	EndProjectSection
EndProject
Project("{FAE04EC0-301F-11D3-BF4B-00C04F79EFBC}") = "ProtocolGateway.Host.Console", "host\ProtocolGateway.Host.Console\ProtocolGateway.Host.Console.csproj", "{40FFE4DB-08C4-46C0-87A1-579B87C367B6}"
EndProject
Project("{FAE04EC0-301F-11D3-BF4B-00C04F79EFBC}") = "ProtocolGateway.Tests", "test\ProtocolGateway.Tests\ProtocolGateway.Tests.csproj", "{6A13DA33-5BCC-4479-9EBA-C96F62AAD974}"
EndProject
Project("{FAE04EC0-301F-11D3-BF4B-00C04F79EFBC}") = "ProtocolGateway.Core", "src\ProtocolGateway.Core\ProtocolGateway.Core.csproj", "{ED3D19E8-E6A4-41F2-A667-5E543C3BCEE2}"
EndProject
Project("{FAE04EC0-301F-11D3-BF4B-00C04F79EFBC}") = "ProtocolGateway.Providers.CloudStorage", "src\ProtocolGateway.Providers.CloudStorage\ProtocolGateway.Providers.CloudStorage.csproj", "{AC34C945-61DE-4700-BD42-2B19A441B4C3}"
EndProject
Project("{CC5FD16D-436D-48AD-A40C-5A424C6E3E79}") = "ProtocolGateway.Host.Cloud", "host\ProtocolGateway.Host.Cloud\ProtocolGateway.Host.Cloud.ccproj", "{67816602-2130-47E2-82C7-ECC315797625}"
EndProject
Project("{FAE04EC0-301F-11D3-BF4B-00C04F79EFBC}") = "ProtocolGateway.Host.Common", "host\ProtocolGateway.Host.Common\ProtocolGateway.Host.Common.csproj", "{5BC6E03A-7516-4AAB-8191-1E187B8EE995}"
EndProject
Project("{FAE04EC0-301F-11D3-BF4B-00C04F79EFBC}") = "ProtocolGateway.Tests.Load", "test\ProtocolGateway.Tests.Load\ProtocolGateway.Tests.Load.csproj", "{BE074EB4-C7AB-42D4-8841-29117CC44983}"
EndProject
Project("{FAE04EC0-301F-11D3-BF4B-00C04F79EFBC}") = "ProtocolGateway.IotHubClient", "src\ProtocolGateway.IotHubClient\ProtocolGateway.IotHubClient.csproj", "{4CE6905A-3978-4328-8281-7022CFA9A3A1}"
EndProject
Project("{FAE04EC0-301F-11D3-BF4B-00C04F79EFBC}") = "ProtocolGateway.Host.Cloud.Service", "host\ProtocolGateway.Host.Cloud.Service\ProtocolGateway.Host.Cloud.Service.csproj", "{9CD3E054-23AD-41A2-93B5-31A7A8CFB1CF}"
EndProject
Project("{2150E333-8FDC-42A3-9474-1A3956D46DE8}") = "fabricsetup", "fabricsetup", "{EB9EFEF3-F837-4654-9636-EAC6D303B828}"
EndProject
Project("{2150E333-8FDC-42A3-9474-1A3956D46DE8}") = "fabricshared", "fabricshared", "{C3D241FB-0849-486C-8686-A33DB8486BB3}"
EndProject
Project("{A07B5EB6-E848-4116-A8D0-A826331D98C6}") = "ProtocolGateway.Host.Fabric", "host\ProtocolGateway.Host.Fabric\ProtocolGateway.Host.Fabric.sfproj", "{A90B33E9-A3EE-402C-B692-63450B876E59}"
EndProject
Project("{FAE04EC0-301F-11D3-BF4B-00C04F79EFBC}") = "ProtocolGateway.Host.Fabric.FrontEnd", "host\ProtocolGateway.Host.Fabric.FrontEnd\ProtocolGateway.Host.Fabric.FrontEnd.csproj", "{A4701342-633A-4EEE-BA50-7384156BEBBD}"
EndProject
Project("{FAE04EC0-301F-11D3-BF4B-00C04F79EFBC}") = "ProtocolGateway.Host.Fabric.FabricShared.Configuration", "host\fabricshared\ProtocolGateway.Host.Fabric.FabricShared.Configuration\ProtocolGateway.Host.Fabric.FabricShared.Configuration.csproj", "{CEDD1F60-E803-476A-9F73-3814CDCE3C4B}"
EndProject
Project("{FAE04EC0-301F-11D3-BF4B-00C04F79EFBC}") = "ProtocolGateway.Host.Fabric.FabricShared.Logging", "host\fabricshared\ProtocolGateway.Host.Fabric.FabricShared.Logging\ProtocolGateway.Host.Fabric.FabricShared.Logging.csproj", "{A2537696-FD02-40CD-B179-2DF85CC52A89}"
EndProject
Project("{FAE04EC0-301F-11D3-BF4B-00C04F79EFBC}") = "ProtocolGateway.Host.FabricSetup.CounterSetup", "host\fabricsetup\ProtocolGateway.Host.FabricSetup.CounterSetup\ProtocolGateway.Host.FabricSetup.CounterSetup.csproj", "{07885AE0-1DF1-4BA5-8197-F3514A06BDD3}"
	ProjectSection(ProjectDependencies) = postProject
		{A4701342-633A-4EEE-BA50-7384156BEBBD} = {A4701342-633A-4EEE-BA50-7384156BEBBD}
		{A90B33E9-A3EE-402C-B692-63450B876E59} = {A90B33E9-A3EE-402C-B692-63450B876E59}
	EndProjectSection
EndProject
Project("{FAE04EC0-301F-11D3-BF4B-00C04F79EFBC}") = "ProtocolGateway.Host.Fabric.FabricShared.Health", "host\fabricshared\ProtocolGateway.Host.Fabric.FabricShared.Health\ProtocolGateway.Host.Fabric.FabricShared.Health.csproj", "{443E59D8-9395-41F1-AA8F-4895A734C2AA}"
EndProject
Project("{FAE04EC0-301F-11D3-BF4B-00C04F79EFBC}") = "ProtocolGateway.Host.Fabric.FabricShared.Security", "host\fabricshared\ProtocolGateway.Host.Fabric.FabricShared.Security\ProtocolGateway.Host.Fabric.FabricShared.Security.csproj", "{1CB06C3E-3D1C-4FD4-95E9-037B4361303A}"
EndProject
Global
	GlobalSection(SolutionConfigurationPlatforms) = preSolution
		Debug|Any CPU = Debug|Any CPU
		Debug|x64 = Debug|x64
		Release|Any CPU = Release|Any CPU
		Release|x64 = Release|x64
	EndGlobalSection
	GlobalSection(ProjectConfigurationPlatforms) = postSolution
		{40FFE4DB-08C4-46C0-87A1-579B87C367B6}.Debug|Any CPU.ActiveCfg = Debug|Any CPU
		{40FFE4DB-08C4-46C0-87A1-579B87C367B6}.Debug|Any CPU.Build.0 = Debug|Any CPU
		{40FFE4DB-08C4-46C0-87A1-579B87C367B6}.Debug|x64.ActiveCfg = Debug|x64
		{40FFE4DB-08C4-46C0-87A1-579B87C367B6}.Debug|x64.Build.0 = Debug|x64
		{40FFE4DB-08C4-46C0-87A1-579B87C367B6}.Release|Any CPU.ActiveCfg = Release|Any CPU
		{40FFE4DB-08C4-46C0-87A1-579B87C367B6}.Release|Any CPU.Build.0 = Release|Any CPU
		{40FFE4DB-08C4-46C0-87A1-579B87C367B6}.Release|x64.ActiveCfg = Release|x64
		{40FFE4DB-08C4-46C0-87A1-579B87C367B6}.Release|x64.Build.0 = Release|x64
		{6A13DA33-5BCC-4479-9EBA-C96F62AAD974}.Debug|Any CPU.ActiveCfg = Debug|Any CPU
		{6A13DA33-5BCC-4479-9EBA-C96F62AAD974}.Debug|Any CPU.Build.0 = Debug|Any CPU
		{6A13DA33-5BCC-4479-9EBA-C96F62AAD974}.Debug|x64.ActiveCfg = Debug|x64
		{6A13DA33-5BCC-4479-9EBA-C96F62AAD974}.Debug|x64.Build.0 = Debug|x64
		{6A13DA33-5BCC-4479-9EBA-C96F62AAD974}.Release|Any CPU.ActiveCfg = Release|Any CPU
		{6A13DA33-5BCC-4479-9EBA-C96F62AAD974}.Release|Any CPU.Build.0 = Release|Any CPU
		{6A13DA33-5BCC-4479-9EBA-C96F62AAD974}.Release|x64.ActiveCfg = Release|x64
		{6A13DA33-5BCC-4479-9EBA-C96F62AAD974}.Release|x64.Build.0 = Release|x64
		{ED3D19E8-E6A4-41F2-A667-5E543C3BCEE2}.Debug|Any CPU.ActiveCfg = Debug|Any CPU
		{ED3D19E8-E6A4-41F2-A667-5E543C3BCEE2}.Debug|Any CPU.Build.0 = Debug|Any CPU
		{ED3D19E8-E6A4-41F2-A667-5E543C3BCEE2}.Debug|x64.ActiveCfg = Debug|Any CPU
		{ED3D19E8-E6A4-41F2-A667-5E543C3BCEE2}.Debug|x64.Build.0 = Debug|Any CPU
		{ED3D19E8-E6A4-41F2-A667-5E543C3BCEE2}.Release|Any CPU.ActiveCfg = Release|Any CPU
		{ED3D19E8-E6A4-41F2-A667-5E543C3BCEE2}.Release|Any CPU.Build.0 = Release|Any CPU
		{ED3D19E8-E6A4-41F2-A667-5E543C3BCEE2}.Release|x64.ActiveCfg = Release|x64
		{ED3D19E8-E6A4-41F2-A667-5E543C3BCEE2}.Release|x64.Build.0 = Release|x64
		{AC34C945-61DE-4700-BD42-2B19A441B4C3}.Debug|Any CPU.ActiveCfg = Debug|Any CPU
		{AC34C945-61DE-4700-BD42-2B19A441B4C3}.Debug|Any CPU.Build.0 = Debug|Any CPU
		{AC34C945-61DE-4700-BD42-2B19A441B4C3}.Debug|x64.ActiveCfg = Debug|x64
		{AC34C945-61DE-4700-BD42-2B19A441B4C3}.Debug|x64.Build.0 = Debug|x64
		{AC34C945-61DE-4700-BD42-2B19A441B4C3}.Release|Any CPU.ActiveCfg = Release|Any CPU
		{AC34C945-61DE-4700-BD42-2B19A441B4C3}.Release|Any CPU.Build.0 = Release|Any CPU
		{AC34C945-61DE-4700-BD42-2B19A441B4C3}.Release|x64.ActiveCfg = Release|x64
		{AC34C945-61DE-4700-BD42-2B19A441B4C3}.Release|x64.Build.0 = Release|x64
		{67816602-2130-47E2-82C7-ECC315797625}.Debug|Any CPU.ActiveCfg = Debug|Any CPU
		{67816602-2130-47E2-82C7-ECC315797625}.Debug|Any CPU.Build.0 = Debug|Any CPU
		{67816602-2130-47E2-82C7-ECC315797625}.Debug|x64.ActiveCfg = Debug|Any CPU
		{67816602-2130-47E2-82C7-ECC315797625}.Debug|x64.Build.0 = Debug|Any CPU
		{67816602-2130-47E2-82C7-ECC315797625}.Release|Any CPU.ActiveCfg = Release|Any CPU
		{67816602-2130-47E2-82C7-ECC315797625}.Release|Any CPU.Build.0 = Release|Any CPU
		{67816602-2130-47E2-82C7-ECC315797625}.Release|x64.ActiveCfg = Release|Any CPU
		{67816602-2130-47E2-82C7-ECC315797625}.Release|x64.Build.0 = Release|Any CPU
		{5BC6E03A-7516-4AAB-8191-1E187B8EE995}.Debug|Any CPU.ActiveCfg = Debug|Any CPU
		{5BC6E03A-7516-4AAB-8191-1E187B8EE995}.Debug|Any CPU.Build.0 = Debug|Any CPU
		{5BC6E03A-7516-4AAB-8191-1E187B8EE995}.Debug|x64.ActiveCfg = Debug|x64
		{5BC6E03A-7516-4AAB-8191-1E187B8EE995}.Debug|x64.Build.0 = Debug|x64
		{5BC6E03A-7516-4AAB-8191-1E187B8EE995}.Release|Any CPU.ActiveCfg = Release|Any CPU
		{5BC6E03A-7516-4AAB-8191-1E187B8EE995}.Release|Any CPU.Build.0 = Release|Any CPU
		{5BC6E03A-7516-4AAB-8191-1E187B8EE995}.Release|x64.ActiveCfg = Release|x64
		{5BC6E03A-7516-4AAB-8191-1E187B8EE995}.Release|x64.Build.0 = Release|x64
		{BE074EB4-C7AB-42D4-8841-29117CC44983}.Debug|Any CPU.ActiveCfg = Debug|Any CPU
		{BE074EB4-C7AB-42D4-8841-29117CC44983}.Debug|Any CPU.Build.0 = Debug|Any CPU
		{BE074EB4-C7AB-42D4-8841-29117CC44983}.Debug|x64.ActiveCfg = Debug|x64
		{BE074EB4-C7AB-42D4-8841-29117CC44983}.Debug|x64.Build.0 = Debug|x64
		{BE074EB4-C7AB-42D4-8841-29117CC44983}.Release|Any CPU.ActiveCfg = Release|Any CPU
		{BE074EB4-C7AB-42D4-8841-29117CC44983}.Release|Any CPU.Build.0 = Release|Any CPU
		{BE074EB4-C7AB-42D4-8841-29117CC44983}.Release|x64.ActiveCfg = Release|x64
		{BE074EB4-C7AB-42D4-8841-29117CC44983}.Release|x64.Build.0 = Release|x64
		{4CE6905A-3978-4328-8281-7022CFA9A3A1}.Debug|Any CPU.ActiveCfg = Debug|Any CPU
		{4CE6905A-3978-4328-8281-7022CFA9A3A1}.Debug|Any CPU.Build.0 = Debug|Any CPU
		{4CE6905A-3978-4328-8281-7022CFA9A3A1}.Debug|x64.ActiveCfg = Debug|x64
		{4CE6905A-3978-4328-8281-7022CFA9A3A1}.Debug|x64.Build.0 = Debug|x64
		{4CE6905A-3978-4328-8281-7022CFA9A3A1}.Release|Any CPU.ActiveCfg = Release|Any CPU
		{4CE6905A-3978-4328-8281-7022CFA9A3A1}.Release|Any CPU.Build.0 = Release|Any CPU
		{4CE6905A-3978-4328-8281-7022CFA9A3A1}.Release|x64.ActiveCfg = Release|x64
		{4CE6905A-3978-4328-8281-7022CFA9A3A1}.Release|x64.Build.0 = Release|x64
		{9CD3E054-23AD-41A2-93B5-31A7A8CFB1CF}.Debug|Any CPU.ActiveCfg = Debug|Any CPU
		{9CD3E054-23AD-41A2-93B5-31A7A8CFB1CF}.Debug|Any CPU.Build.0 = Debug|Any CPU
		{9CD3E054-23AD-41A2-93B5-31A7A8CFB1CF}.Debug|x64.ActiveCfg = Debug|Any CPU
		{9CD3E054-23AD-41A2-93B5-31A7A8CFB1CF}.Debug|x64.Build.0 = Debug|Any CPU
		{9CD3E054-23AD-41A2-93B5-31A7A8CFB1CF}.Release|Any CPU.ActiveCfg = Release|Any CPU
		{9CD3E054-23AD-41A2-93B5-31A7A8CFB1CF}.Release|Any CPU.Build.0 = Release|Any CPU
		{9CD3E054-23AD-41A2-93B5-31A7A8CFB1CF}.Release|x64.ActiveCfg = Release|x64
		{9CD3E054-23AD-41A2-93B5-31A7A8CFB1CF}.Release|x64.Build.0 = Release|x64
		{A90B33E9-A3EE-402C-B692-63450B876E59}.Debug|Any CPU.ActiveCfg = Debug|x64
		{A90B33E9-A3EE-402C-B692-63450B876E59}.Debug|Any CPU.Build.0 = Debug|x64
		{A90B33E9-A3EE-402C-B692-63450B876E59}.Debug|Any CPU.Deploy.0 = Debug|x64
		{A90B33E9-A3EE-402C-B692-63450B876E59}.Debug|x64.ActiveCfg = Debug|x64
		{A90B33E9-A3EE-402C-B692-63450B876E59}.Debug|x64.Build.0 = Debug|x64
		{A90B33E9-A3EE-402C-B692-63450B876E59}.Debug|x64.Deploy.0 = Debug|x64
		{A90B33E9-A3EE-402C-B692-63450B876E59}.Release|Any CPU.ActiveCfg = Release|x64
		{A90B33E9-A3EE-402C-B692-63450B876E59}.Release|Any CPU.Build.0 = Release|x64
		{A90B33E9-A3EE-402C-B692-63450B876E59}.Release|Any CPU.Deploy.0 = Release|x64
		{A90B33E9-A3EE-402C-B692-63450B876E59}.Release|x64.ActiveCfg = Release|x64
		{A90B33E9-A3EE-402C-B692-63450B876E59}.Release|x64.Build.0 = Release|x64
		{A90B33E9-A3EE-402C-B692-63450B876E59}.Release|x64.Deploy.0 = Release|x64
		{A4701342-633A-4EEE-BA50-7384156BEBBD}.Debug|Any CPU.ActiveCfg = Debug|x64
		{A4701342-633A-4EEE-BA50-7384156BEBBD}.Debug|Any CPU.Build.0 = Debug|x64
		{A4701342-633A-4EEE-BA50-7384156BEBBD}.Debug|x64.ActiveCfg = Debug|x64
		{A4701342-633A-4EEE-BA50-7384156BEBBD}.Debug|x64.Build.0 = Debug|x64
		{A4701342-633A-4EEE-BA50-7384156BEBBD}.Release|Any CPU.ActiveCfg = Release|x64
		{A4701342-633A-4EEE-BA50-7384156BEBBD}.Release|Any CPU.Build.0 = Release|x64
		{A4701342-633A-4EEE-BA50-7384156BEBBD}.Release|x64.ActiveCfg = Release|x64
		{A4701342-633A-4EEE-BA50-7384156BEBBD}.Release|x64.Build.0 = Release|x64
		{CEDD1F60-E803-476A-9F73-3814CDCE3C4B}.Debug|Any CPU.ActiveCfg = Debug|x64
		{CEDD1F60-E803-476A-9F73-3814CDCE3C4B}.Debug|Any CPU.Build.0 = Debug|x64
		{CEDD1F60-E803-476A-9F73-3814CDCE3C4B}.Debug|x64.ActiveCfg = Debug|x64
		{CEDD1F60-E803-476A-9F73-3814CDCE3C4B}.Debug|x64.Build.0 = Debug|x64
		{CEDD1F60-E803-476A-9F73-3814CDCE3C4B}.Release|Any CPU.ActiveCfg = Release|x64
		{CEDD1F60-E803-476A-9F73-3814CDCE3C4B}.Release|Any CPU.Build.0 = Release|x64
		{CEDD1F60-E803-476A-9F73-3814CDCE3C4B}.Release|x64.ActiveCfg = Release|Any CPU
		{CEDD1F60-E803-476A-9F73-3814CDCE3C4B}.Release|x64.Build.0 = Release|Any CPU
		{A2537696-FD02-40CD-B179-2DF85CC52A89}.Debug|Any CPU.ActiveCfg = Debug|x64
		{A2537696-FD02-40CD-B179-2DF85CC52A89}.Debug|Any CPU.Build.0 = Debug|x64
		{A2537696-FD02-40CD-B179-2DF85CC52A89}.Debug|x64.ActiveCfg = Debug|x64
		{A2537696-FD02-40CD-B179-2DF85CC52A89}.Debug|x64.Build.0 = Debug|x64
		{A2537696-FD02-40CD-B179-2DF85CC52A89}.Release|Any CPU.ActiveCfg = Release|x64
		{A2537696-FD02-40CD-B179-2DF85CC52A89}.Release|Any CPU.Build.0 = Release|x64
		{A2537696-FD02-40CD-B179-2DF85CC52A89}.Release|x64.ActiveCfg = Release|Any CPU
		{A2537696-FD02-40CD-B179-2DF85CC52A89}.Release|x64.Build.0 = Release|Any CPU
		{07885AE0-1DF1-4BA5-8197-F3514A06BDD3}.Debug|Any CPU.ActiveCfg = Debug|x64
		{07885AE0-1DF1-4BA5-8197-F3514A06BDD3}.Debug|Any CPU.Build.0 = Debug|x64
		{07885AE0-1DF1-4BA5-8197-F3514A06BDD3}.Debug|x64.ActiveCfg = Debug|x64
		{07885AE0-1DF1-4BA5-8197-F3514A06BDD3}.Release|Any CPU.ActiveCfg = Release|x64
		{07885AE0-1DF1-4BA5-8197-F3514A06BDD3}.Release|Any CPU.Build.0 = Release|x64
		{07885AE0-1DF1-4BA5-8197-F3514A06BDD3}.Release|x64.ActiveCfg = Release|Any CPU
		{07885AE0-1DF1-4BA5-8197-F3514A06BDD3}.Release|x64.Build.0 = Release|Any CPU
		{443E59D8-9395-41F1-AA8F-4895A734C2AA}.Debug|Any CPU.ActiveCfg = Debug|x64
		{443E59D8-9395-41F1-AA8F-4895A734C2AA}.Debug|Any CPU.Build.0 = Debug|x64
		{443E59D8-9395-41F1-AA8F-4895A734C2AA}.Debug|x64.ActiveCfg = Debug|x64
		{443E59D8-9395-41F1-AA8F-4895A734C2AA}.Debug|x64.Build.0 = Debug|x64
		{443E59D8-9395-41F1-AA8F-4895A734C2AA}.Release|Any CPU.ActiveCfg = Release|x64
		{443E59D8-9395-41F1-AA8F-4895A734C2AA}.Release|Any CPU.Build.0 = Release|x64
		{443E59D8-9395-41F1-AA8F-4895A734C2AA}.Release|x64.ActiveCfg = Release|Any CPU
		{443E59D8-9395-41F1-AA8F-4895A734C2AA}.Release|x64.Build.0 = Release|Any CPU
		{1CB06C3E-3D1C-4FD4-95E9-037B4361303A}.Debug|Any CPU.ActiveCfg = Debug|x64
		{1CB06C3E-3D1C-4FD4-95E9-037B4361303A}.Debug|Any CPU.Build.0 = Debug|x64
		{1CB06C3E-3D1C-4FD4-95E9-037B4361303A}.Debug|x64.ActiveCfg = Debug|x64
		{1CB06C3E-3D1C-4FD4-95E9-037B4361303A}.Debug|x64.Build.0 = Debug|x64
		{1CB06C3E-3D1C-4FD4-95E9-037B4361303A}.Release|Any CPU.ActiveCfg = Release|x64
		{1CB06C3E-3D1C-4FD4-95E9-037B4361303A}.Release|Any CPU.Build.0 = Release|x64
		{1CB06C3E-3D1C-4FD4-95E9-037B4361303A}.Release|x64.ActiveCfg = Release|x64
		{1CB06C3E-3D1C-4FD4-95E9-037B4361303A}.Release|x64.Build.0 = Release|x64
	EndGlobalSection
	GlobalSection(SolutionProperties) = preSolution
		HideSolutionNode = FALSE
	EndGlobalSection
	GlobalSection(NestedProjects) = preSolution
		{0CED177C-7897-45DF-8328-5F14ED8A0E5C} = {9F27B381-3559-42D0-9EDE-0637E02ADFC8}
		{40FFE4DB-08C4-46C0-87A1-579B87C367B6} = {9F27B381-3559-42D0-9EDE-0637E02ADFC8}
		{6A13DA33-5BCC-4479-9EBA-C96F62AAD974} = {704AB71A-852A-4B00-8016-9B415DFD9375}
		{ED3D19E8-E6A4-41F2-A667-5E543C3BCEE2} = {40E01D4A-EFB5-4BE5-A267-0C0DD70F0C75}
		{AC34C945-61DE-4700-BD42-2B19A441B4C3} = {40E01D4A-EFB5-4BE5-A267-0C0DD70F0C75}
		{67816602-2130-47E2-82C7-ECC315797625} = {9F27B381-3559-42D0-9EDE-0637E02ADFC8}
		{5BC6E03A-7516-4AAB-8191-1E187B8EE995} = {9F27B381-3559-42D0-9EDE-0637E02ADFC8}
		{BE074EB4-C7AB-42D4-8841-29117CC44983} = {704AB71A-852A-4B00-8016-9B415DFD9375}
		{4CE6905A-3978-4328-8281-7022CFA9A3A1} = {40E01D4A-EFB5-4BE5-A267-0C0DD70F0C75}
		{9CD3E054-23AD-41A2-93B5-31A7A8CFB1CF} = {9F27B381-3559-42D0-9EDE-0637E02ADFC8}
		{EB9EFEF3-F837-4654-9636-EAC6D303B828} = {9F27B381-3559-42D0-9EDE-0637E02ADFC8}
		{C3D241FB-0849-486C-8686-A33DB8486BB3} = {9F27B381-3559-42D0-9EDE-0637E02ADFC8}
		{A90B33E9-A3EE-402C-B692-63450B876E59} = {9F27B381-3559-42D0-9EDE-0637E02ADFC8}
		{A4701342-633A-4EEE-BA50-7384156BEBBD} = {9F27B381-3559-42D0-9EDE-0637E02ADFC8}
		{CEDD1F60-E803-476A-9F73-3814CDCE3C4B} = {C3D241FB-0849-486C-8686-A33DB8486BB3}
		{A2537696-FD02-40CD-B179-2DF85CC52A89} = {C3D241FB-0849-486C-8686-A33DB8486BB3}
		{07885AE0-1DF1-4BA5-8197-F3514A06BDD3} = {EB9EFEF3-F837-4654-9636-EAC6D303B828}
		{443E59D8-9395-41F1-AA8F-4895A734C2AA} = {C3D241FB-0849-486C-8686-A33DB8486BB3}
		{1CB06C3E-3D1C-4FD4-95E9-037B4361303A} = {C3D241FB-0849-486C-8686-A33DB8486BB3}
	EndGlobalSection
	GlobalSection(ExtensibilityGlobals) = postSolution
		EnterpriseLibraryConfigurationToolBinariesPathV6 = packages\EnterpriseLibrary.TransientFaultHandling.6.0.1304.0\lib\portable-net45+win+wp8
	EndGlobalSection
EndGlobal
